// !$*UTF8*$!
{
	archiveVersion = 1;
	classes = {
	};
	objectVersion = 56;
	objects = {

/* Begin PBXBuildFile section */
		350231B22B1B349300A59A03 /* LoginViewViewModel.swift in Sources */ = {isa = PBXBuildFile; fileRef = 350231B12B1B349300A59A03 /* LoginViewViewModel.swift */; };
		350231B42B1B3CB000A59A03 /* FirebaseAnalytics in Frameworks */ = {isa = PBXBuildFile; productRef = 350231B32B1B3CB000A59A03 /* FirebaseAnalytics */; };
		350231B62B1B3CB000A59A03 /* FirebaseAnalyticsOnDeviceConversion in Frameworks */ = {isa = PBXBuildFile; productRef = 350231B52B1B3CB000A59A03 /* FirebaseAnalyticsOnDeviceConversion */; };
		350231B82B1B3CB000A59A03 /* FirebaseAnalyticsSwift in Frameworks */ = {isa = PBXBuildFile; productRef = 350231B72B1B3CB000A59A03 /* FirebaseAnalyticsSwift */; };
		350231BA2B1B3CB000A59A03 /* FirebaseAnalyticsWithoutAdIdSupport in Frameworks */ = {isa = PBXBuildFile; productRef = 350231B92B1B3CB000A59A03 /* FirebaseAnalyticsWithoutAdIdSupport */; };
		350231BC2B1B3CB000A59A03 /* FirebaseAppCheck in Frameworks */ = {isa = PBXBuildFile; productRef = 350231BB2B1B3CB000A59A03 /* FirebaseAppCheck */; };
		350231BE2B1B3CB000A59A03 /* FirebaseAppDistribution-Beta in Frameworks */ = {isa = PBXBuildFile; productRef = 350231BD2B1B3CB000A59A03 /* FirebaseAppDistribution-Beta */; };
		350231C02B1B3CB000A59A03 /* FirebaseAuth in Frameworks */ = {isa = PBXBuildFile; productRef = 350231BF2B1B3CB000A59A03 /* FirebaseAuth */; };
		350231C22B1B3CB000A59A03 /* FirebaseAuthCombine-Community in Frameworks */ = {isa = PBXBuildFile; productRef = 350231C12B1B3CB000A59A03 /* FirebaseAuthCombine-Community */; };
		350231C42B1B3CB000A59A03 /* FirebaseCrashlytics in Frameworks */ = {isa = PBXBuildFile; productRef = 350231C32B1B3CB000A59A03 /* FirebaseCrashlytics */; };
		350231C62B1B3CB000A59A03 /* FirebaseDatabase in Frameworks */ = {isa = PBXBuildFile; productRef = 350231C52B1B3CB000A59A03 /* FirebaseDatabase */; };
		350231C82B1B3CB000A59A03 /* FirebaseDatabaseSwift in Frameworks */ = {isa = PBXBuildFile; productRef = 350231C72B1B3CB000A59A03 /* FirebaseDatabaseSwift */; };
		350231CA2B1B3CB000A59A03 /* FirebaseDynamicLinks in Frameworks */ = {isa = PBXBuildFile; productRef = 350231C92B1B3CB000A59A03 /* FirebaseDynamicLinks */; };
		350231CC2B1B3CB000A59A03 /* FirebaseFirestore in Frameworks */ = {isa = PBXBuildFile; productRef = 350231CB2B1B3CB000A59A03 /* FirebaseFirestore */; };
		350231CE2B1B3CB000A59A03 /* FirebaseFirestoreCombine-Community in Frameworks */ = {isa = PBXBuildFile; productRef = 350231CD2B1B3CB000A59A03 /* FirebaseFirestoreCombine-Community */; };
		350231D02B1B3CB000A59A03 /* FirebaseFirestoreSwift in Frameworks */ = {isa = PBXBuildFile; productRef = 350231CF2B1B3CB000A59A03 /* FirebaseFirestoreSwift */; };
		350231D22B1B3E8B00A59A03 /* RegisterViewModel.swift in Sources */ = {isa = PBXBuildFile; fileRef = 350231D12B1B3E8B00A59A03 /* RegisterViewModel.swift */; };
		350231D42B1B428B00A59A03 /* Extentions.swift in Sources */ = {isa = PBXBuildFile; fileRef = 350231D32B1B428B00A59A03 /* Extentions.swift */; };
		350231D62B1B44B500A59A03 /* MainViewModel.swift in Sources */ = {isa = PBXBuildFile; fileRef = 350231D52B1B44B500A59A03 /* MainViewModel.swift */; };
		350231D82B1B46C300A59A03 /* TodoListView.swift in Sources */ = {isa = PBXBuildFile; fileRef = 350231D72B1B46C300A59A03 /* TodoListView.swift */; };
		353C44DA2B19E85400544884 /* HeaderView.swift in Sources */ = {isa = PBXBuildFile; fileRef = 353C44D92B19E85400544884 /* HeaderView.swift */; };
		353C44DC2B19EB9A00544884 /* LogInFormView.swift in Sources */ = {isa = PBXBuildFile; fileRef = 353C44DB2B19EB9A00544884 /* LogInFormView.swift */; };
		353C44DE2B19EF2D00544884 /* SignUpButton.swift in Sources */ = {isa = PBXBuildFile; fileRef = 353C44DD2B19EF2D00544884 /* SignUpButton.swift */; };
		353C44E02B19F1B900544884 /* TLButton.swift in Sources */ = {isa = PBXBuildFile; fileRef = 353C44DF2B19F1B900544884 /* TLButton.swift */; };
		353C44E22B19F8E200544884 /* RegisterFormView.swift in Sources */ = {isa = PBXBuildFile; fileRef = 353C44E12B19F8E200544884 /* RegisterFormView.swift */; };
		35A0F02D2B1F0A4F0035E38E /* ProfileView.swift in Sources */ = {isa = PBXBuildFile; fileRef = 35A0F02C2B1F0A4F0035E38E /* ProfileView.swift */; };
		35A0F02F2B1F0D9C0035E38E /* TodoListViewViewModel.swift in Sources */ = {isa = PBXBuildFile; fileRef = 35A0F02E2B1F0D9C0035E38E /* TodoListViewViewModel.swift */; };
		35A0F0312B1F0DDA0035E38E /* ProfileViewViewModel.swift in Sources */ = {isa = PBXBuildFile; fileRef = 35A0F0302B1F0DDA0035E38E /* ProfileViewViewModel.swift */; };
		35A0F0332B1F0E180035E38E /* NewItemViewViewModel.swift in Sources */ = {isa = PBXBuildFile; fileRef = 35A0F0322B1F0E180035E38E /* NewItemViewViewModel.swift */; };
		35A0F0352B1F0E660035E38E /* TodoListItemViewViewModel.swift in Sources */ = {isa = PBXBuildFile; fileRef = 35A0F0342B1F0E660035E38E /* TodoListItemViewViewModel.swift */; };
		35A0F0372B1F11FE0035E38E /* NewItemView.swift in Sources */ = {isa = PBXBuildFile; fileRef = 35A0F0362B1F11FE0035E38E /* NewItemView.swift */; };
		35A2707D2B149B370089D30A /* GoogleService-Info.plist in Resources */ = {isa = PBXBuildFile; fileRef = 35A2707C2B149B370089D30A /* GoogleService-Info.plist */; };
		35A270842B149E660089D30A /* FirebaseAnalytics in Frameworks */ = {isa = PBXBuildFile; productRef = 35A270832B149E660089D30A /* FirebaseAnalytics */; };
		35A270862B149E660089D30A /* FirebaseAnalyticsOnDeviceConversion in Frameworks */ = {isa = PBXBuildFile; productRef = 35A270852B149E660089D30A /* FirebaseAnalyticsOnDeviceConversion */; };
		35A270882B149E660089D30A /* FirebaseAnalyticsSwift in Frameworks */ = {isa = PBXBuildFile; productRef = 35A270872B149E660089D30A /* FirebaseAnalyticsSwift */; };
		35A2708A2B149E660089D30A /* FirebaseAnalyticsWithoutAdIdSupport in Frameworks */ = {isa = PBXBuildFile; productRef = 35A270892B149E660089D30A /* FirebaseAnalyticsWithoutAdIdSupport */; };
		35A2708C2B149E660089D30A /* FirebaseAppCheck in Frameworks */ = {isa = PBXBuildFile; productRef = 35A2708B2B149E660089D30A /* FirebaseAppCheck */; };
		35A270902B14AC7B0089D30A /* Items.swift in Sources */ = {isa = PBXBuildFile; fileRef = 35A2708F2B14AC7B0089D30A /* Items.swift */; };
		35A270922B14AF1E0089D30A /* User.swift in Sources */ = {isa = PBXBuildFile; fileRef = 35A270912B14AF1E0089D30A /* User.swift */; };
		35A51CEF2B163585000CDA71 /* LoginView.swift in Sources */ = {isa = PBXBuildFile; fileRef = 35A51CEE2B163585000CDA71 /* LoginView.swift */; };
		35A51CF12B163621000CDA71 /* RegisterView.swift in Sources */ = {isa = PBXBuildFile; fileRef = 35A51CF02B163621000CDA71 /* RegisterView.swift */; };
		35DD0EC72B13685D0071E6BC /* TaskPlannerApp.swift in Sources */ = {isa = PBXBuildFile; fileRef = 35DD0EC62B13685D0071E6BC /* TaskPlannerApp.swift */; };
		35DD0EC92B13685D0071E6BC /* MainView.swift in Sources */ = {isa = PBXBuildFile; fileRef = 35DD0EC82B13685D0071E6BC /* MainView.swift */; };
		35DD0ECB2B1368600071E6BC /* Assets.xcassets in Resources */ = {isa = PBXBuildFile; fileRef = 35DD0ECA2B1368600071E6BC /* Assets.xcassets */; };
		35DD0ECE2B1368600071E6BC /* Preview Assets.xcassets in Resources */ = {isa = PBXBuildFile; fileRef = 35DD0ECD2B1368600071E6BC /* Preview Assets.xcassets */; };
		35FA02BD2B1B4CF600CA95C7 /* FirebaseAnalytics in Frameworks */ = {isa = PBXBuildFile; productRef = 35FA02BC2B1B4CF600CA95C7 /* FirebaseAnalytics */; };
		35FA02BF2B1B4CF600CA95C7 /* FirebaseAnalyticsOnDeviceConversion in Frameworks */ = {isa = PBXBuildFile; productRef = 35FA02BE2B1B4CF600CA95C7 /* FirebaseAnalyticsOnDeviceConversion */; };
		35FA02C12B1B4CF600CA95C7 /* FirebaseAnalyticsSwift in Frameworks */ = {isa = PBXBuildFile; productRef = 35FA02C02B1B4CF600CA95C7 /* FirebaseAnalyticsSwift */; };
		35FA02C32B1B4CF600CA95C7 /* FirebaseAnalyticsWithoutAdIdSupport in Frameworks */ = {isa = PBXBuildFile; productRef = 35FA02C22B1B4CF600CA95C7 /* FirebaseAnalyticsWithoutAdIdSupport */; };
		35FA02C52B1B4CF600CA95C7 /* FirebaseAppCheck in Frameworks */ = {isa = PBXBuildFile; productRef = 35FA02C42B1B4CF600CA95C7 /* FirebaseAppCheck */; };
/* End PBXBuildFile section */

/* Begin PBXFileReference section */
		350231B12B1B349300A59A03 /* LoginViewViewModel.swift */ = {isa = PBXFileReference; lastKnownFileType = sourcecode.swift; path = LoginViewViewModel.swift; sourceTree = "<group>"; };
		350231D12B1B3E8B00A59A03 /* RegisterViewModel.swift */ = {isa = PBXFileReference; lastKnownFileType = sourcecode.swift; path = RegisterViewModel.swift; sourceTree = "<group>"; };
		350231D32B1B428B00A59A03 /* Extentions.swift */ = {isa = PBXFileReference; lastKnownFileType = sourcecode.swift; path = Extentions.swift; sourceTree = "<group>"; };
		350231D52B1B44B500A59A03 /* MainViewModel.swift */ = {isa = PBXFileReference; lastKnownFileType = sourcecode.swift; path = MainViewModel.swift; sourceTree = "<group>"; };
		350231D72B1B46C300A59A03 /* TodoListView.swift */ = {isa = PBXFileReference; lastKnownFileType = sourcecode.swift; path = TodoListView.swift; sourceTree = "<group>"; };
		353C44D92B19E85400544884 /* HeaderView.swift */ = {isa = PBXFileReference; lastKnownFileType = sourcecode.swift; path = HeaderView.swift; sourceTree = "<group>"; };
		353C44DB2B19EB9A00544884 /* LogInFormView.swift */ = {isa = PBXFileReference; lastKnownFileType = sourcecode.swift; path = LogInFormView.swift; sourceTree = "<group>"; };
		353C44DD2B19EF2D00544884 /* SignUpButton.swift */ = {isa = PBXFileReference; lastKnownFileType = sourcecode.swift; path = SignUpButton.swift; sourceTree = "<group>"; };
		353C44DF2B19F1B900544884 /* TLButton.swift */ = {isa = PBXFileReference; lastKnownFileType = sourcecode.swift; path = TLButton.swift; sourceTree = "<group>"; };
		353C44E12B19F8E200544884 /* RegisterFormView.swift */ = {isa = PBXFileReference; lastKnownFileType = sourcecode.swift; path = RegisterFormView.swift; sourceTree = "<group>"; };
		35A0F02C2B1F0A4F0035E38E /* ProfileView.swift */ = {isa = PBXFileReference; lastKnownFileType = sourcecode.swift; path = ProfileView.swift; sourceTree = "<group>"; };
		35A0F02E2B1F0D9C0035E38E /* TodoListViewViewModel.swift */ = {isa = PBXFileReference; lastKnownFileType = sourcecode.swift; path = TodoListViewViewModel.swift; sourceTree = "<group>"; };
		35A0F0302B1F0DDA0035E38E /* ProfileViewViewModel.swift */ = {isa = PBXFileReference; lastKnownFileType = sourcecode.swift; path = ProfileViewViewModel.swift; sourceTree = "<group>"; };
		35A0F0322B1F0E180035E38E /* NewItemViewViewModel.swift */ = {isa = PBXFileReference; lastKnownFileType = sourcecode.swift; path = NewItemViewViewModel.swift; sourceTree = "<group>"; };
		35A0F0342B1F0E660035E38E /* TodoListItemViewViewModel.swift */ = {isa = PBXFileReference; lastKnownFileType = sourcecode.swift; path = TodoListItemViewViewModel.swift; sourceTree = "<group>"; };
		35A0F0362B1F11FE0035E38E /* NewItemView.swift */ = {isa = PBXFileReference; lastKnownFileType = sourcecode.swift; path = NewItemView.swift; sourceTree = "<group>"; };
		35A2707C2B149B370089D30A /* GoogleService-Info.plist */ = {isa = PBXFileReference; fileEncoding = 4; lastKnownFileType = text.plist.xml; path = "GoogleService-Info.plist"; sourceTree = "<group>"; };
		35A2708F2B14AC7B0089D30A /* Items.swift */ = {isa = PBXFileReference; lastKnownFileType = sourcecode.swift; path = Items.swift; sourceTree = "<group>"; };
		35A270912B14AF1E0089D30A /* User.swift */ = {isa = PBXFileReference; lastKnownFileType = sourcecode.swift; path = User.swift; sourceTree = "<group>"; };
		35A51CEE2B163585000CDA71 /* LoginView.swift */ = {isa = PBXFileReference; lastKnownFileType = sourcecode.swift; path = LoginView.swift; sourceTree = "<group>"; };
		35A51CF02B163621000CDA71 /* RegisterView.swift */ = {isa = PBXFileReference; lastKnownFileType = sourcecode.swift; path = RegisterView.swift; sourceTree = "<group>"; };
		35DD0EC32B13685D0071E6BC /* TaskPlanner.app */ = {isa = PBXFileReference; explicitFileType = wrapper.application; includeInIndex = 0; path = TaskPlanner.app; sourceTree = BUILT_PRODUCTS_DIR; };
		35DD0EC62B13685D0071E6BC /* TaskPlannerApp.swift */ = {isa = PBXFileReference; lastKnownFileType = sourcecode.swift; path = TaskPlannerApp.swift; sourceTree = "<group>"; };
		35DD0EC82B13685D0071E6BC /* MainView.swift */ = {isa = PBXFileReference; lastKnownFileType = sourcecode.swift; path = MainView.swift; sourceTree = "<group>"; };
		35DD0ECA2B1368600071E6BC /* Assets.xcassets */ = {isa = PBXFileReference; lastKnownFileType = folder.assetcatalog; path = Assets.xcassets; sourceTree = "<group>"; };
		35DD0ECD2B1368600071E6BC /* Preview Assets.xcassets */ = {isa = PBXFileReference; lastKnownFileType = folder.assetcatalog; path = "Preview Assets.xcassets"; sourceTree = "<group>"; };
/* End PBXFileReference section */

/* Begin PBXFrameworksBuildPhase section */
		35DD0EC02B13685D0071E6BC /* Frameworks */ = {
			isa = PBXFrameworksBuildPhase;
			buildActionMask = 2147483647;
			files = (
				350231CE2B1B3CB000A59A03 /* FirebaseFirestoreCombine-Community in Frameworks */,
				350231C62B1B3CB000A59A03 /* FirebaseDatabase in Frameworks */,
				35A270882B149E660089D30A /* FirebaseAnalyticsSwift in Frameworks */,
				35A270842B149E660089D30A /* FirebaseAnalytics in Frameworks */,
				350231B42B1B3CB000A59A03 /* FirebaseAnalytics in Frameworks */,
				350231C42B1B3CB000A59A03 /* FirebaseCrashlytics in Frameworks */,
				350231CC2B1B3CB000A59A03 /* FirebaseFirestore in Frameworks */,
				35FA02C32B1B4CF600CA95C7 /* FirebaseAnalyticsWithoutAdIdSupport in Frameworks */,
				35FA02C52B1B4CF600CA95C7 /* FirebaseAppCheck in Frameworks */,
				350231CA2B1B3CB000A59A03 /* FirebaseDynamicLinks in Frameworks */,
				350231B62B1B3CB000A59A03 /* FirebaseAnalyticsOnDeviceConversion in Frameworks */,
				35FA02C12B1B4CF600CA95C7 /* FirebaseAnalyticsSwift in Frameworks */,
				350231C22B1B3CB000A59A03 /* FirebaseAuthCombine-Community in Frameworks */,
				350231B82B1B3CB000A59A03 /* FirebaseAnalyticsSwift in Frameworks */,
				350231C82B1B3CB000A59A03 /* FirebaseDatabaseSwift in Frameworks */,
				35A270862B149E660089D30A /* FirebaseAnalyticsOnDeviceConversion in Frameworks */,
				35FA02BF2B1B4CF600CA95C7 /* FirebaseAnalyticsOnDeviceConversion in Frameworks */,
				35A2708C2B149E660089D30A /* FirebaseAppCheck in Frameworks */,
				35FA02BD2B1B4CF600CA95C7 /* FirebaseAnalytics in Frameworks */,
				350231C02B1B3CB000A59A03 /* FirebaseAuth in Frameworks */,
				350231D02B1B3CB000A59A03 /* FirebaseFirestoreSwift in Frameworks */,
				350231BA2B1B3CB000A59A03 /* FirebaseAnalyticsWithoutAdIdSupport in Frameworks */,
				350231BC2B1B3CB000A59A03 /* FirebaseAppCheck in Frameworks */,
				350231BE2B1B3CB000A59A03 /* FirebaseAppDistribution-Beta in Frameworks */,
				35A2708A2B149E660089D30A /* FirebaseAnalyticsWithoutAdIdSupport in Frameworks */,
			);
			runOnlyForDeploymentPostprocessing = 0;
		};
/* End PBXFrameworksBuildPhase section */

/* Begin PBXGroup section */
		350231AB2B1B2DC800A59A03 /* ViewModels */ = {
			isa = PBXGroup;
			children = (
				350231D52B1B44B500A59A03 /* MainViewModel.swift */,
				350231B12B1B349300A59A03 /* LoginViewViewModel.swift */,
				350231D12B1B3E8B00A59A03 /* RegisterViewModel.swift */,
				35A0F0302B1F0DDA0035E38E /* ProfileViewViewModel.swift */,
				35A0F0322B1F0E180035E38E /* NewItemViewViewModel.swift */,
				35A0F02E2B1F0D9C0035E38E /* TodoListViewViewModel.swift */,
				35A0F0342B1F0E660035E38E /* TodoListItemViewViewModel.swift */,
			);
			path = ViewModels;
			sourceTree = "<group>";
		};
		350231B02B1B316400A59A03 /* Other */ = {
			isa = PBXGroup;
			children = (
				35A2707C2B149B370089D30A /* GoogleService-Info.plist */,
				35DD0ECA2B1368600071E6BC /* Assets.xcassets */,
				35DD0EC62B13685D0071E6BC /* TaskPlannerApp.swift */,
				350231D32B1B428B00A59A03 /* Extentions.swift */,
			);
			path = Other;
			sourceTree = "<group>";
		};
		35DD0EBA2B13685D0071E6BC = {
			isa = PBXGroup;
			children = (
				35DD0EC52B13685D0071E6BC /* TaskPlanner */,
				35DD0EC42B13685D0071E6BC /* Products */,
			);
			sourceTree = "<group>";
		};
		35DD0EC42B13685D0071E6BC /* Products */ = {
			isa = PBXGroup;
			children = (
				35DD0EC32B13685D0071E6BC /* TaskPlanner.app */,
			);
			name = Products;
			sourceTree = "<group>";
		};
		35DD0EC52B13685D0071E6BC /* TaskPlanner */ = {
			isa = PBXGroup;
			children = (
				35DD0ED82B1369420071E6BC /* Views */,
				350231AB2B1B2DC800A59A03 /* ViewModels */,
				35DD0ED52B13691B0071E6BC /* Components */,
				35DD0ED62B13692C0071E6BC /* Models */,
				350231B02B1B316400A59A03 /* Other */,
				35DD0ECC2B1368600071E6BC /* Preview Content */,
			);
			path = TaskPlanner;
			sourceTree = "<group>";
		};
		35DD0ECC2B1368600071E6BC /* Preview Content */ = {
			isa = PBXGroup;
			children = (
				35DD0ECD2B1368600071E6BC /* Preview Assets.xcassets */,
			);
			path = "Preview Content";
			sourceTree = "<group>";
		};
		35DD0ED52B13691B0071E6BC /* Components */ = {
			isa = PBXGroup;
			children = (
				353C44D92B19E85400544884 /* HeaderView.swift */,
				353C44DB2B19EB9A00544884 /* LogInFormView.swift */,
				353C44E12B19F8E200544884 /* RegisterFormView.swift */,
				353C44DD2B19EF2D00544884 /* SignUpButton.swift */,
				353C44DF2B19F1B900544884 /* TLButton.swift */,
			);
			path = Components;
			sourceTree = "<group>";
		};
		35DD0ED62B13692C0071E6BC /* Models */ = {
			isa = PBXGroup;
			children = (
				35A2708F2B14AC7B0089D30A /* Items.swift */,
				35A270912B14AF1E0089D30A /* User.swift */,
			);
			path = Models;
			sourceTree = "<group>";
		};
		35DD0ED82B1369420071E6BC /* Views */ = {
			isa = PBXGroup;
			children = (
				35DD0EC82B13685D0071E6BC /* MainView.swift */,
				35A51CEE2B163585000CDA71 /* LoginView.swift */,
				35A51CF02B163621000CDA71 /* RegisterView.swift */,
				350231D72B1B46C300A59A03 /* TodoListView.swift */,
				35A0F02C2B1F0A4F0035E38E /* ProfileView.swift */,
				35A0F0362B1F11FE0035E38E /* NewItemView.swift */,
			);
			path = Views;
			sourceTree = "<group>";
		};
/* End PBXGroup section */

/* Begin PBXNativeTarget section */
		35DD0EC22B13685D0071E6BC /* TaskPlanner */ = {
			isa = PBXNativeTarget;
			buildConfigurationList = 35DD0ED12B1368600071E6BC /* Build configuration list for PBXNativeTarget "TaskPlanner" */;
			buildPhases = (
				35DD0EBF2B13685D0071E6BC /* Sources */,
				35DD0EC02B13685D0071E6BC /* Frameworks */,
				35DD0EC12B13685D0071E6BC /* Resources */,
			);
			buildRules = (
			);
			dependencies = (
			);
			name = TaskPlanner;
			packageProductDependencies = (
				35A270832B149E660089D30A /* FirebaseAnalytics */,
				35A270852B149E660089D30A /* FirebaseAnalyticsOnDeviceConversion */,
				35A270872B149E660089D30A /* FirebaseAnalyticsSwift */,
				35A270892B149E660089D30A /* FirebaseAnalyticsWithoutAdIdSupport */,
				35A2708B2B149E660089D30A /* FirebaseAppCheck */,
				350231B32B1B3CB000A59A03 /* FirebaseAnalytics */,
				350231B52B1B3CB000A59A03 /* FirebaseAnalyticsOnDeviceConversion */,
				350231B72B1B3CB000A59A03 /* FirebaseAnalyticsSwift */,
				350231B92B1B3CB000A59A03 /* FirebaseAnalyticsWithoutAdIdSupport */,
				350231BB2B1B3CB000A59A03 /* FirebaseAppCheck */,
				350231BD2B1B3CB000A59A03 /* FirebaseAppDistribution-Beta */,
				350231BF2B1B3CB000A59A03 /* FirebaseAuth */,
				350231C12B1B3CB000A59A03 /* FirebaseAuthCombine-Community */,
				350231C32B1B3CB000A59A03 /* FirebaseCrashlytics */,
				350231C52B1B3CB000A59A03 /* FirebaseDatabase */,
				350231C72B1B3CB000A59A03 /* FirebaseDatabaseSwift */,
				350231C92B1B3CB000A59A03 /* FirebaseDynamicLinks */,
				350231CB2B1B3CB000A59A03 /* FirebaseFirestore */,
				350231CD2B1B3CB000A59A03 /* FirebaseFirestoreCombine-Community */,
				350231CF2B1B3CB000A59A03 /* FirebaseFirestoreSwift */,
				35FA02BC2B1B4CF600CA95C7 /* FirebaseAnalytics */,
				35FA02BE2B1B4CF600CA95C7 /* FirebaseAnalyticsOnDeviceConversion */,
				35FA02C02B1B4CF600CA95C7 /* FirebaseAnalyticsSwift */,
				35FA02C22B1B4CF600CA95C7 /* FirebaseAnalyticsWithoutAdIdSupport */,
				35FA02C42B1B4CF600CA95C7 /* FirebaseAppCheck */,
			);
			productName = TaskPlanner;
			productReference = 35DD0EC32B13685D0071E6BC /* TaskPlanner.app */;
			productType = "com.apple.product-type.application";
		};
/* End PBXNativeTarget section */

/* Begin PBXProject section */
		35DD0EBB2B13685D0071E6BC /* Project object */ = {
			isa = PBXProject;
			attributes = {
				BuildIndependentTargetsInParallel = 1;
				LastSwiftUpdateCheck = 1500;
				LastUpgradeCheck = 1500;
				TargetAttributes = {
					35DD0EC22B13685D0071E6BC = {
						CreatedOnToolsVersion = 15.0.1;
					};
				};
			};
			buildConfigurationList = 35DD0EBE2B13685D0071E6BC /* Build configuration list for PBXProject "TaskPlanner" */;
			compatibilityVersion = "Xcode 14.0";
			developmentRegion = en;
			hasScannedForEncodings = 0;
			knownRegions = (
				en,
				Base,
			);
			mainGroup = 35DD0EBA2B13685D0071E6BC;
			packageReferences = (
				35A270822B149E660089D30A /* XCRemoteSwiftPackageReference "firebase-ios-sdk" */,
			);
			productRefGroup = 35DD0EC42B13685D0071E6BC /* Products */;
			projectDirPath = "";
			projectRoot = "";
			targets = (
				35DD0EC22B13685D0071E6BC /* TaskPlanner */,
			);
		};
/* End PBXProject section */

/* Begin PBXResourcesBuildPhase section */
		35DD0EC12B13685D0071E6BC /* Resources */ = {
			isa = PBXResourcesBuildPhase;
			buildActionMask = 2147483647;
			files = (
				35DD0ECE2B1368600071E6BC /* Preview Assets.xcassets in Resources */,
				35DD0ECB2B1368600071E6BC /* Assets.xcassets in Resources */,
				35A2707D2B149B370089D30A /* GoogleService-Info.plist in Resources */,
			);
			runOnlyForDeploymentPostprocessing = 0;
		};
/* End PBXResourcesBuildPhase section */

/* Begin PBXSourcesBuildPhase section */
		35DD0EBF2B13685D0071E6BC /* Sources */ = {
			isa = PBXSourcesBuildPhase;
			buildActionMask = 2147483647;
			files = (
				353C44DC2B19EB9A00544884 /* LogInFormView.swift in Sources */,
				353C44DE2B19EF2D00544884 /* SignUpButton.swift in Sources */,
				35A270922B14AF1E0089D30A /* User.swift in Sources */,
				35A0F0312B1F0DDA0035E38E /* ProfileViewViewModel.swift in Sources */,
				35DD0EC92B13685D0071E6BC /* MainView.swift in Sources */,
				35A270902B14AC7B0089D30A /* Items.swift in Sources */,
				350231D62B1B44B500A59A03 /* MainViewModel.swift in Sources */,
				353C44E22B19F8E200544884 /* RegisterFormView.swift in Sources */,
				35A0F0372B1F11FE0035E38E /* NewItemView.swift in Sources */,
				350231D42B1B428B00A59A03 /* Extentions.swift in Sources */,
				35A51CF12B163621000CDA71 /* RegisterView.swift in Sources */,
				35A0F02F2B1F0D9C0035E38E /* TodoListViewViewModel.swift in Sources */,
				35A0F02D2B1F0A4F0035E38E /* ProfileView.swift in Sources */,
				350231B22B1B349300A59A03 /* LoginViewViewModel.swift in Sources */,
				350231D82B1B46C300A59A03 /* TodoListView.swift in Sources */,
				35A0F0352B1F0E660035E38E /* TodoListItemViewViewModel.swift in Sources */,
				350231D22B1B3E8B00A59A03 /* RegisterViewModel.swift in Sources */,
				35A51CEF2B163585000CDA71 /* LoginView.swift in Sources */,
				35DD0EC72B13685D0071E6BC /* TaskPlannerApp.swift in Sources */,
				35A0F0332B1F0E180035E38E /* NewItemViewViewModel.swift in Sources */,
				353C44DA2B19E85400544884 /* HeaderView.swift in Sources */,
				353C44E02B19F1B900544884 /* TLButton.swift in Sources */,
			);
			runOnlyForDeploymentPostprocessing = 0;
		};
/* End PBXSourcesBuildPhase section */

/* Begin XCBuildConfiguration section */
		35DD0ECF2B1368600071E6BC /* Debug */ = {
			isa = XCBuildConfiguration;
			buildSettings = {
				ALWAYS_SEARCH_USER_PATHS = NO;
				ASSETCATALOG_COMPILER_GENERATE_SWIFT_ASSET_SYMBOL_EXTENSIONS = YES;
				CLANG_ANALYZER_NONNULL = YES;
				CLANG_ANALYZER_NUMBER_OBJECT_CONVERSION = YES_AGGRESSIVE;
				CLANG_CXX_LANGUAGE_STANDARD = "gnu++20";
				CLANG_ENABLE_MODULES = YES;
				CLANG_ENABLE_OBJC_ARC = YES;
				CLANG_ENABLE_OBJC_WEAK = YES;
				CLANG_WARN_BLOCK_CAPTURE_AUTORELEASING = YES;
				CLANG_WARN_BOOL_CONVERSION = YES;
				CLANG_WARN_COMMA = YES;
				CLANG_WARN_CONSTANT_CONVERSION = YES;
				CLANG_WARN_DEPRECATED_OBJC_IMPLEMENTATIONS = YES;
				CLANG_WARN_DIRECT_OBJC_ISA_USAGE = YES_ERROR;
				CLANG_WARN_DOCUMENTATION_COMMENTS = YES;
				CLANG_WARN_EMPTY_BODY = YES;
				CLANG_WARN_ENUM_CONVERSION = YES;
				CLANG_WARN_INFINITE_RECURSION = YES;
				CLANG_WARN_INT_CONVERSION = YES;
				CLANG_WARN_NON_LITERAL_NULL_CONVERSION = YES;
				CLANG_WARN_OBJC_IMPLICIT_RETAIN_SELF = YES;
				CLANG_WARN_OBJC_LITERAL_CONVERSION = YES;
				CLANG_WARN_OBJC_ROOT_CLASS = YES_ERROR;
				CLANG_WARN_QUOTED_INCLUDE_IN_FRAMEWORK_HEADER = YES;
				CLANG_WARN_RANGE_LOOP_ANALYSIS = YES;
				CLANG_WARN_STRICT_PROTOTYPES = YES;
				CLANG_WARN_SUSPICIOUS_MOVE = YES;
				CLANG_WARN_UNGUARDED_AVAILABILITY = YES_AGGRESSIVE;
				CLANG_WARN_UNREACHABLE_CODE = YES;
				CLANG_WARN__DUPLICATE_METHOD_MATCH = YES;
				COPY_PHASE_STRIP = NO;
				DEBUG_INFORMATION_FORMAT = dwarf;
				ENABLE_STRICT_OBJC_MSGSEND = YES;
				ENABLE_TESTABILITY = YES;
				ENABLE_USER_SCRIPT_SANDBOXING = YES;
				GCC_C_LANGUAGE_STANDARD = gnu17;
				GCC_DYNAMIC_NO_PIC = NO;
				GCC_NO_COMMON_BLOCKS = YES;
				GCC_OPTIMIZATION_LEVEL = 0;
				GCC_PREPROCESSOR_DEFINITIONS = (
					"DEBUG=1",
					"$(inherited)",
				);
				GCC_WARN_64_TO_32_BIT_CONVERSION = YES;
				GCC_WARN_ABOUT_RETURN_TYPE = YES_ERROR;
				GCC_WARN_UNDECLARED_SELECTOR = YES;
				GCC_WARN_UNINITIALIZED_AUTOS = YES_AGGRESSIVE;
				GCC_WARN_UNUSED_FUNCTION = YES;
				GCC_WARN_UNUSED_VARIABLE = YES;
				IPHONEOS_DEPLOYMENT_TARGET = 17.0;
				LOCALIZATION_PREFERS_STRING_CATALOGS = YES;
				MTL_ENABLE_DEBUG_INFO = INCLUDE_SOURCE;
				MTL_FAST_MATH = YES;
				ONLY_ACTIVE_ARCH = YES;
				SDKROOT = iphoneos;
				SWIFT_ACTIVE_COMPILATION_CONDITIONS = "DEBUG $(inherited)";
				SWIFT_OPTIMIZATION_LEVEL = "-Onone";
			};
			name = Debug;
		};
		35DD0ED02B1368600071E6BC /* Release */ = {
			isa = XCBuildConfiguration;
			buildSettings = {
				ALWAYS_SEARCH_USER_PATHS = NO;
				ASSETCATALOG_COMPILER_GENERATE_SWIFT_ASSET_SYMBOL_EXTENSIONS = YES;
				CLANG_ANALYZER_NONNULL = YES;
				CLANG_ANALYZER_NUMBER_OBJECT_CONVERSION = YES_AGGRESSIVE;
				CLANG_CXX_LANGUAGE_STANDARD = "gnu++20";
				CLANG_ENABLE_MODULES = YES;
				CLANG_ENABLE_OBJC_ARC = YES;
				CLANG_ENABLE_OBJC_WEAK = YES;
				CLANG_WARN_BLOCK_CAPTURE_AUTORELEASING = YES;
				CLANG_WARN_BOOL_CONVERSION = YES;
				CLANG_WARN_COMMA = YES;
				CLANG_WARN_CONSTANT_CONVERSION = YES;
				CLANG_WARN_DEPRECATED_OBJC_IMPLEMENTATIONS = YES;
				CLANG_WARN_DIRECT_OBJC_ISA_USAGE = YES_ERROR;
				CLANG_WARN_DOCUMENTATION_COMMENTS = YES;
				CLANG_WARN_EMPTY_BODY = YES;
				CLANG_WARN_ENUM_CONVERSION = YES;
				CLANG_WARN_INFINITE_RECURSION = YES;
				CLANG_WARN_INT_CONVERSION = YES;
				CLANG_WARN_NON_LITERAL_NULL_CONVERSION = YES;
				CLANG_WARN_OBJC_IMPLICIT_RETAIN_SELF = YES;
				CLANG_WARN_OBJC_LITERAL_CONVERSION = YES;
				CLANG_WARN_OBJC_ROOT_CLASS = YES_ERROR;
				CLANG_WARN_QUOTED_INCLUDE_IN_FRAMEWORK_HEADER = YES;
				CLANG_WARN_RANGE_LOOP_ANALYSIS = YES;
				CLANG_WARN_STRICT_PROTOTYPES = YES;
				CLANG_WARN_SUSPICIOUS_MOVE = YES;
				CLANG_WARN_UNGUARDED_AVAILABILITY = YES_AGGRESSIVE;
				CLANG_WARN_UNREACHABLE_CODE = YES;
				CLANG_WARN__DUPLICATE_METHOD_MATCH = YES;
				COPY_PHASE_STRIP = NO;
				DEBUG_INFORMATION_FORMAT = "dwarf-with-dsym";
				ENABLE_NS_ASSERTIONS = NO;
				ENABLE_STRICT_OBJC_MSGSEND = YES;
				ENABLE_USER_SCRIPT_SANDBOXING = YES;
				GCC_C_LANGUAGE_STANDARD = gnu17;
				GCC_NO_COMMON_BLOCKS = YES;
				GCC_WARN_64_TO_32_BIT_CONVERSION = YES;
				GCC_WARN_ABOUT_RETURN_TYPE = YES_ERROR;
				GCC_WARN_UNDECLARED_SELECTOR = YES;
				GCC_WARN_UNINITIALIZED_AUTOS = YES_AGGRESSIVE;
				GCC_WARN_UNUSED_FUNCTION = YES;
				GCC_WARN_UNUSED_VARIABLE = YES;
				IPHONEOS_DEPLOYMENT_TARGET = 17.0;
				LOCALIZATION_PREFERS_STRING_CATALOGS = YES;
				MTL_ENABLE_DEBUG_INFO = NO;
				MTL_FAST_MATH = YES;
				SDKROOT = iphoneos;
				SWIFT_COMPILATION_MODE = wholemodule;
				VALIDATE_PRODUCT = YES;
			};
			name = Release;
		};
		35DD0ED22B1368600071E6BC /* Debug */ = {
			isa = XCBuildConfiguration;
			buildSettings = {
				ASSETCATALOG_COMPILER_APPICON_NAME = AppIcon;
				ASSETCATALOG_COMPILER_GLOBAL_ACCENT_COLOR_NAME = AccentColor;
				CODE_SIGN_STYLE = Automatic;
				CURRENT_PROJECT_VERSION = 1;
				DEVELOPMENT_ASSET_PATHS = "\"TaskPlanner/Preview Content\"";
				DEVELOPMENT_TEAM = 73P5VLU884;
				ENABLE_PREVIEWS = YES;
				GENERATE_INFOPLIST_FILE = YES;
				INFOPLIST_KEY_CFBundleDisplayName = TaskPlannerPia;
				INFOPLIST_KEY_UIApplicationSceneManifest_Generation = YES;
				INFOPLIST_KEY_UIApplicationSupportsIndirectInputEvents = YES;
				INFOPLIST_KEY_UILaunchScreen_Generation = YES;
				INFOPLIST_KEY_UISupportedInterfaceOrientations = UIInterfaceOrientationPortrait;
				LD_RUNPATH_SEARCH_PATHS = (
					"$(inherited)",
					"@executable_path/Frameworks",
				);
				MARKETING_VERSION = 1.0;
				"OTHER_LDFLAGS[arch=*]" = (
					"-Xlinker",
					"-no_warn_duplicate_libraries",
				);
				PRODUCT_BUNDLE_IDENTIFIER = io.prgacademy.TaskPlanner;
				PRODUCT_NAME = "$(TARGET_NAME)";
				SWIFT_EMIT_LOC_STRINGS = YES;
				SWIFT_VERSION = 5.0;
				TARGETED_DEVICE_FAMILY = "1,2";
			};
			name = Debug;
		};
		35DD0ED32B1368600071E6BC /* Release */ = {
			isa = XCBuildConfiguration;
			buildSettings = {
				ASSETCATALOG_COMPILER_APPICON_NAME = AppIcon;
				ASSETCATALOG_COMPILER_GLOBAL_ACCENT_COLOR_NAME = AccentColor;
				CODE_SIGN_STYLE = Automatic;
				CURRENT_PROJECT_VERSION = 1;
				DEVELOPMENT_ASSET_PATHS = "\"TaskPlanner/Preview Content\"";
				DEVELOPMENT_TEAM = 73P5VLU884;
				ENABLE_PREVIEWS = YES;
				GENERATE_INFOPLIST_FILE = YES;
				INFOPLIST_KEY_CFBundleDisplayName = TaskPlannerPia;
				INFOPLIST_KEY_UIApplicationSceneManifest_Generation = YES;
				INFOPLIST_KEY_UIApplicationSupportsIndirectInputEvents = YES;
				INFOPLIST_KEY_UILaunchScreen_Generation = YES;
				INFOPLIST_KEY_UISupportedInterfaceOrientations = UIInterfaceOrientationPortrait;
				LD_RUNPATH_SEARCH_PATHS = (
					"$(inherited)",
					"@executable_path/Frameworks",
				);
				MARKETING_VERSION = 1.0;
				PRODUCT_BUNDLE_IDENTIFIER = io.prgacademy.TaskPlanner;
				PRODUCT_NAME = "$(TARGET_NAME)";
				SWIFT_EMIT_LOC_STRINGS = YES;
				SWIFT_VERSION = 5.0;
				TARGETED_DEVICE_FAMILY = "1,2";
			};
			name = Release;
		};
/* End XCBuildConfiguration section */

/* Begin XCConfigurationList section */
		35DD0EBE2B13685D0071E6BC /* Build configuration list for PBXProject "TaskPlanner" */ = {
			isa = XCConfigurationList;
			buildConfigurations = (
				35DD0ECF2B1368600071E6BC /* Debug */,
				35DD0ED02B1368600071E6BC /* Release */,
			);
			defaultConfigurationIsVisible = 0;
			defaultConfigurationName = Release;
		};
		35DD0ED12B1368600071E6BC /* Build configuration list for PBXNativeTarget "TaskPlanner" */ = {
			isa = XCConfigurationList;
			buildConfigurations = (
				35DD0ED22B1368600071E6BC /* Debug */,
				35DD0ED32B1368600071E6BC /* Release */,
			);
			defaultConfigurationIsVisible = 0;
			defaultConfigurationName = Release;
		};
/* End XCConfigurationList section */

/* Begin XCRemoteSwiftPackageReference section */
		35A270822B149E660089D30A /* XCRemoteSwiftPackageReference "firebase-ios-sdk" */ = {
			isa = XCRemoteSwiftPackageReference;
			repositoryURL = "https://github.com/firebase/firebase-ios-sdk.git";
			requirement = {
				kind = upToNextMajorVersion;
				minimumVersion = 10.18.0;
			};
		};
/* End XCRemoteSwiftPackageReference section */

/* Begin XCSwiftPackageProductDependency section */
		350231B32B1B3CB000A59A03 /* FirebaseAnalytics */ = {
			isa = XCSwiftPackageProductDependency;
			package = 35A270822B149E660089D30A /* XCRemoteSwiftPackageReference "firebase-ios-sdk" */;
			productName = FirebaseAnalytics;
		};
		350231B52B1B3CB000A59A03 /* FirebaseAnalyticsOnDeviceConversion */ = {
			isa = XCSwiftPackageProductDependency;
			package = 35A270822B149E660089D30A /* XCRemoteSwiftPackageReference "firebase-ios-sdk" */;
			productName = FirebaseAnalyticsOnDeviceConversion;
		};
		350231B72B1B3CB000A59A03 /* FirebaseAnalyticsSwift */ = {
			isa = XCSwiftPackageProductDependency;
			package = 35A270822B149E660089D30A /* XCRemoteSwiftPackageReference "firebase-ios-sdk" */;
			productName = FirebaseAnalyticsSwift;
		};
		350231B92B1B3CB000A59A03 /* FirebaseAnalyticsWithoutAdIdSupport */ = {
			isa = XCSwiftPackageProductDependency;
			package = 35A270822B149E660089D30A /* XCRemoteSwiftPackageReference "firebase-ios-sdk" */;
			productName = FirebaseAnalyticsWithoutAdIdSupport;
		};
		350231BB2B1B3CB000A59A03 /* FirebaseAppCheck */ = {
			isa = XCSwiftPackageProductDependency;
			package = 35A270822B149E660089D30A /* XCRemoteSwiftPackageReference "firebase-ios-sdk" */;
			productName = FirebaseAppCheck;
		};
		350231BD2B1B3CB000A59A03 /* FirebaseAppDistribution-Beta */ = {
			isa = XCSwiftPackageProductDependency;
			package = 35A270822B149E660089D30A /* XCRemoteSwiftPackageReference "firebase-ios-sdk" */;
			productName = "FirebaseAppDistribution-Beta";
		};
		350231BF2B1B3CB000A59A03 /* FirebaseAuth */ = {
			isa = XCSwiftPackageProductDependency;
			package = 35A270822B149E660089D30A /* XCRemoteSwiftPackageReference "firebase-ios-sdk" */;
			productName = FirebaseAuth;
		};
		350231C12B1B3CB000A59A03 /* FirebaseAuthCombine-Community */ = {
			isa = XCSwiftPackageProductDependency;
			package = 35A270822B149E660089D30A /* XCRemoteSwiftPackageReference "firebase-ios-sdk" */;
			productName = "FirebaseAuthCombine-Community";
		};
		350231C32B1B3CB000A59A03 /* FirebaseCrashlytics */ = {
			isa = XCSwiftPackageProductDependency;
			package = 35A270822B149E660089D30A /* XCRemoteSwiftPackageReference "firebase-ios-sdk" */;
			productName = FirebaseCrashlytics;
		};
		350231C52B1B3CB000A59A03 /* FirebaseDatabase */ = {
			isa = XCSwiftPackageProductDependency;
			package = 35A270822B149E660089D30A /* XCRemoteSwiftPackageReference "firebase-ios-sdk" */;
			productName = FirebaseDatabase;
		};
		350231C72B1B3CB000A59A03 /* FirebaseDatabaseSwift */ = {
			isa = XCSwiftPackageProductDependency;
			package = 35A270822B149E660089D30A /* XCRemoteSwiftPackageReference "firebase-ios-sdk" */;
			productName = FirebaseDatabaseSwift;
		};
		350231C92B1B3CB000A59A03 /* FirebaseDynamicLinks */ = {
			isa = XCSwiftPackageProductDependency;
			package = 35A270822B149E660089D30A /* XCRemoteSwiftPackageReference "firebase-ios-sdk" */;
			productName = FirebaseDynamicLinks;
		};
		350231CB2B1B3CB000A59A03 /* FirebaseFirestore */ = {
			isa = XCSwiftPackageProductDependency;
			package = 35A270822B149E660089D30A /* XCRemoteSwiftPackageReference "firebase-ios-sdk" */;
			productName = FirebaseFirestore;
		};
		350231CD2B1B3CB000A59A03 /* FirebaseFirestoreCombine-Community */ = {
			isa = XCSwiftPackageProductDependency;
			package = 35A270822B149E660089D30A /* XCRemoteSwiftPackageReference "firebase-ios-sdk" */;
			productName = "FirebaseFirestoreCombine-Community";
		};
		350231CF2B1B3CB000A59A03 /* FirebaseFirestoreSwift */ = {
			isa = XCSwiftPackageProductDependency;
			package = 35A270822B149E660089D30A /* XCRemoteSwiftPackageReference "firebase-ios-sdk" */;
			productName = FirebaseFirestoreSwift;
		};
		35A270832B149E660089D30A /* FirebaseAnalytics */ = {
			isa = XCSwiftPackageProductDependency;
			package = 35A270822B149E660089D30A /* XCRemoteSwiftPackageReference "firebase-ios-sdk" */;
			productName = FirebaseAnalytics;
		};
		35A270852B149E660089D30A /* FirebaseAnalyticsOnDeviceConversion */ = {
			isa = XCSwiftPackageProductDependency;
			package = 35A270822B149E660089D30A /* XCRemoteSwiftPackageReference "firebase-ios-sdk" */;
			productName = FirebaseAnalyticsOnDeviceConversion;
		};
		35A270872B149E660089D30A /* FirebaseAnalyticsSwift */ = {
			isa = XCSwiftPackageProductDependency;
			package = 35A270822B149E660089D30A /* XCRemoteSwiftPackageReference "firebase-ios-sdk" */;
			productName = FirebaseAnalyticsSwift;
		};
		35A270892B149E660089D30A /* FirebaseAnalyticsWithoutAdIdSupport */ = {
			isa = XCSwiftPackageProductDependency;
			package = 35A270822B149E660089D30A /* XCRemoteSwiftPackageReference "firebase-ios-sdk" */;
			productName = FirebaseAnalyticsWithoutAdIdSupport;
		};
		35A2708B2B149E660089D30A /* FirebaseAppCheck */ = {
			isa = XCSwiftPackageProductDependency;
			package = 35A270822B149E660089D30A /* XCRemoteSwiftPackageReference "firebase-ios-sdk" */;
			productName = FirebaseAppCheck;
		};
		35FA02BC2B1B4CF600CA95C7 /* FirebaseAnalytics */ = {
			isa = XCSwiftPackageProductDependency;
			package = 35A270822B149E660089D30A /* XCRemoteSwiftPackageReference "firebase-ios-sdk" */;
			productName = FirebaseAnalytics;
		};
		35FA02BE2B1B4CF600CA95C7 /* FirebaseAnalyticsOnDeviceConversion */ = {
			isa = XCSwiftPackageProductDependency;
			package = 35A270822B149E660089D30A /* XCRemoteSwiftPackageReference "firebase-ios-sdk" */;
			productName = FirebaseAnalyticsOnDeviceConversion;
		};
		35FA02C02B1B4CF600CA95C7 /* FirebaseAnalyticsSwift */ = {
			isa = XCSwiftPackageProductDependency;
			package = 35A270822B149E660089D30A /* XCRemoteSwiftPackageReference "firebase-ios-sdk" */;
			productName = FirebaseAnalyticsSwift;
		};
		35FA02C22B1B4CF600CA95C7 /* FirebaseAnalyticsWithoutAdIdSupport */ = {
			isa = XCSwiftPackageProductDependency;
			package = 35A270822B149E660089D30A /* XCRemoteSwiftPackageReference "firebase-ios-sdk" */;
			productName = FirebaseAnalyticsWithoutAdIdSupport;
		};
		35FA02C42B1B4CF600CA95C7 /* FirebaseAppCheck */ = {
			isa = XCSwiftPackageProductDependency;
			package = 35A270822B149E660089D30A /* XCRemoteSwiftPackageReference "firebase-ios-sdk" */;
			productName = FirebaseAppCheck;
		};
/* End XCSwiftPackageProductDependency section */
	};
	rootObject = 35DD0EBB2B13685D0071E6BC /* Project object */;
}
